
Microsoft Visual Studio Solution File, Format Version 12.00
# Visual Studio Version 16
VisualStudioVersion = 16.0.28803.202
MinimumVisualStudioVersion = 10.0.40219.1
Project("{FAE04EC0-301F-11D3-BF4B-00C04F79EFBC}") = "LojaZero.Models", "LojaZero.Models\LojaZero.Models.csproj", "{4AEB3743-D237-4F1F-B08F-06B362579223}"
EndProject
Project("{FAE04EC0-301F-11D3-BF4B-00C04F79EFBC}") = "LojaZero.DataBase", "LojaZero.DataBase\LojaZero.DataBase.csproj", "{7C426751-F797-4316-91CE-6767AD63B4A8}"
EndProject
Project("{FAE04EC0-301F-11D3-BF4B-00C04F79EFBC}") = "LojaZero.Test", "LojaZero.Test\LojaZero.Test.csproj", "{9758FCBE-4CF3-4158-8510-DFB6177937AC}"
	ProjectSection(ProjectDependencies) = postProject
		{4AEB3743-D237-4F1F-B08F-06B362579223} = {4AEB3743-D237-4F1F-B08F-06B362579223}
	EndProjectSection
EndProject
Global
	GlobalSection(SolutionConfigurationPlatforms) = preSolution
		Debug|Any CPU = Debug|Any CPU
		Release|Any CPU = Release|Any CPU
	EndGlobalSection
	GlobalSection(ProjectConfigurationPlatforms) = postSolution
		{4AEB3743-D237-4F1F-B08F-06B362579223}.Debug|Any CPU.ActiveCfg = Debug|Any CPU
		{4AEB3743-D237-4F1F-B08F-06B362579223}.Debug|Any CPU.Build.0 = Debug|Any CPU
		{4AEB3743-D237-4F1F-B08F-06B362579223}.Release|Any CPU.ActiveCfg = Release|Any CPU
		{4AEB3743-D237-4F1F-B08F-06B362579223}.Release|Any CPU.Build.0 = Release|Any CPU
		{7C426751-F797-4316-91CE-6767AD63B4A8}.Debug|Any CPU.ActiveCfg = Debug|Any CPU
		{7C426751-F797-4316-91CE-6767AD63B4A8}.Debug|Any CPU.Build.0 = Debug|Any CPU
		{7C426751-F797-4316-91CE-6767AD63B4A8}.Release|Any CPU.ActiveCfg = Release|Any CPU
		{7C426751-F797-4316-91CE-6767AD63B4A8}.Release|Any CPU.Build.0 = Release|Any CPU
		{9758FCBE-4CF3-4158-8510-DFB6177937AC}.Debug|Any CPU.ActiveCfg = Debug|Any CPU
		{9758FCBE-4CF3-4158-8510-DFB6177937AC}.Debug|Any CPU.Build.0 = Debug|Any CPU
		{9758FCBE-4CF3-4158-8510-DFB6177937AC}.Release|Any CPU.ActiveCfg = Release|Any CPU
		{9758FCBE-4CF3-4158-8510-DFB6177937AC}.Release|Any CPU.Build.0 = Release|Any CPU
	EndGlobalSection
	GlobalSection(SolutionProperties) = preSolution
		HideSolutionNode = FALSE
	EndGlobalSection
	GlobalSection(ExtensibilityGlobals) = postSolution
		SolutionGuid = {A2CA02F0-7B5E-466E-8F60-0D55EE319254}
	EndGlobalSection
EndGlobal
